// !$*UTF8*$!
{
	archiveVersion = 1;
	classes = {
	};
	objectVersion = 55;
	objects = {

/* Begin PBXBuildFile section */
		CB72A24427723EC80029F8E9 /* ContentView.swift in Sources */ = {isa = PBXBuildFile; fileRef = CB72A24327723EC80029F8E9 /* ContentView.swift */; };
		CB72A2462772434F0029F8E9 /* SettingsView.swift in Sources */ = {isa = PBXBuildFile; fileRef = CB72A2452772434F0029F8E9 /* SettingsView.swift */; };
		CB72A2482772467E0029F8E9 /* DropdownView.swift in Sources */ = {isa = PBXBuildFile; fileRef = CB72A2472772467E0029F8E9 /* DropdownView.swift */; };
		CB72A24A277256D40029F8E9 /* InputView.swift in Sources */ = {isa = PBXBuildFile; fileRef = CB72A249277256D40029F8E9 /* InputView.swift */; };
		CB8D8025277127D500383B89 /* Curve_VisualiserApp.swift in Sources */ = {isa = PBXBuildFile; fileRef = CB8D8024277127D500383B89 /* Curve_VisualiserApp.swift */; };
		CB8D8029277127D700383B89 /* Assets.xcassets in Resources */ = {isa = PBXBuildFile; fileRef = CB8D8028277127D700383B89 /* Assets.xcassets */; };
		CB8D802C277127D700383B89 /* Preview Assets.xcassets in Resources */ = {isa = PBXBuildFile; fileRef = CB8D802B277127D700383B89 /* Preview Assets.xcassets */; };
		CB8D8034277128C600383B89 /* CurveEditorView.swift in Sources */ = {isa = PBXBuildFile; fileRef = CB8D8033277128C600383B89 /* CurveEditorView.swift */; };
		CB8D8036277128ED00383B89 /* GeometryExtensions.swift in Sources */ = {isa = PBXBuildFile; fileRef = CB8D8035277128ED00383B89 /* GeometryExtensions.swift */; };
		CB8D803927712CD200383B89 /* Colors.swift in Sources */ = {isa = PBXBuildFile; fileRef = CB8D803827712CD200383B89 /* Colors.swift */; };
		CB8D803C27713DD600383B89 /* Shapes.swift in Sources */ = {isa = PBXBuildFile; fileRef = CB8D803B27713DD600383B89 /* Shapes.swift */; };
		CB8D803E277141D000383B89 /* GridView.swift in Sources */ = {isa = PBXBuildFile; fileRef = CB8D803D277141D000383B89 /* GridView.swift */; };
		CB8D8040277148E500383B89 /* AnimationView.swift in Sources */ = {isa = PBXBuildFile; fileRef = CB8D803F277148E500383B89 /* AnimationView.swift */; };
/* End PBXBuildFile section */

/* Begin PBXFileReference section */
		CB72A24327723EC80029F8E9 /* ContentView.swift */ = {isa = PBXFileReference; lastKnownFileType = sourcecode.swift; path = ContentView.swift; sourceTree = "<group>"; };
		CB72A2452772434F0029F8E9 /* SettingsView.swift */ = {isa = PBXFileReference; lastKnownFileType = sourcecode.swift; path = SettingsView.swift; sourceTree = "<group>"; };
		CB72A2472772467E0029F8E9 /* DropdownView.swift */ = {isa = PBXFileReference; lastKnownFileType = sourcecode.swift; path = DropdownView.swift; sourceTree = "<group>"; };
		CB72A249277256D40029F8E9 /* InputView.swift */ = {isa = PBXFileReference; lastKnownFileType = sourcecode.swift; path = InputView.swift; sourceTree = "<group>"; };
		CB8D8021277127D500383B89 /* Curve Visualiser.app */ = {isa = PBXFileReference; explicitFileType = wrapper.application; includeInIndex = 0; path = "Curve Visualiser.app"; sourceTree = BUILT_PRODUCTS_DIR; };
		CB8D8024277127D500383B89 /* Curve_VisualiserApp.swift */ = {isa = PBXFileReference; lastKnownFileType = sourcecode.swift; path = Curve_VisualiserApp.swift; sourceTree = "<group>"; };
		CB8D8028277127D700383B89 /* Assets.xcassets */ = {isa = PBXFileReference; lastKnownFileType = folder.assetcatalog; path = Assets.xcassets; sourceTree = "<group>"; };
		CB8D802B277127D700383B89 /* Preview Assets.xcassets */ = {isa = PBXFileReference; lastKnownFileType = folder.assetcatalog; path = "Preview Assets.xcassets"; sourceTree = "<group>"; };
		CB8D802D277127D700383B89 /* Curve_Visualiser.entitlements */ = {isa = PBXFileReference; lastKnownFileType = text.plist.entitlements; path = Curve_Visualiser.entitlements; sourceTree = "<group>"; };
		CB8D8033277128C600383B89 /* CurveEditorView.swift */ = {isa = PBXFileReference; lastKnownFileType = sourcecode.swift; path = CurveEditorView.swift; sourceTree = "<group>"; };
		CB8D8035277128ED00383B89 /* GeometryExtensions.swift */ = {isa = PBXFileReference; lastKnownFileType = sourcecode.swift; path = GeometryExtensions.swift; sourceTree = "<group>"; };
		CB8D803827712CD200383B89 /* Colors.swift */ = {isa = PBXFileReference; lastKnownFileType = sourcecode.swift; path = Colors.swift; sourceTree = "<group>"; };
		CB8D803B27713DD600383B89 /* Shapes.swift */ = {isa = PBXFileReference; lastKnownFileType = sourcecode.swift; path = Shapes.swift; sourceTree = "<group>"; };
		CB8D803D277141D000383B89 /* GridView.swift */ = {isa = PBXFileReference; lastKnownFileType = sourcecode.swift; path = GridView.swift; sourceTree = "<group>"; };
		CB8D803F277148E500383B89 /* AnimationView.swift */ = {isa = PBXFileReference; lastKnownFileType = sourcecode.swift; path = AnimationView.swift; sourceTree = "<group>"; };
/* End PBXFileReference section */

/* Begin PBXFrameworksBuildPhase section */
		CB8D801E277127D500383B89 /* Frameworks */ = {
			isa = PBXFrameworksBuildPhase;
			buildActionMask = 2147483647;
			files = (
			);
			runOnlyForDeploymentPostprocessing = 0;
		};
/* End PBXFrameworksBuildPhase section */

/* Begin PBXGroup section */
		CB8D8018277127D500383B89 = {
			isa = PBXGroup;
			children = (
				CB8D8023277127D500383B89 /* Curve Visualiser */,
				CB8D8022277127D500383B89 /* Products */,
			);
			sourceTree = "<group>";
		};
		CB8D8022277127D500383B89 /* Products */ = {
			isa = PBXGroup;
			children = (
				CB8D8021277127D500383B89 /* Curve Visualiser.app */,
			);
			name = Products;
			sourceTree = "<group>";
		};
		CB8D8023277127D500383B89 /* Curve Visualiser */ = {
			isa = PBXGroup;
			children = (
				CB8D8024277127D500383B89 /* Curve_VisualiserApp.swift */,
				CB8D803A27712CDE00383B89 /* Helpers */,
				CB8D803727712CA200383B89 /* Views */,
				CB8D8035277128ED00383B89 /* GeometryExtensions.swift */,
				CB8D8028277127D700383B89 /* Assets.xcassets */,
				CB8D802D277127D700383B89 /* Curve_Visualiser.entitlements */,
				CB8D802A277127D700383B89 /* Preview Content */,
			);
			path = "Curve Visualiser";
			sourceTree = "<group>";
		};
		CB8D802A277127D700383B89 /* Preview Content */ = {
			isa = PBXGroup;
			children = (
				CB8D802B277127D700383B89 /* Preview Assets.xcassets */,
			);
			path = "Preview Content";
			sourceTree = "<group>";
		};
		CB8D803727712CA200383B89 /* Views */ = {
			isa = PBXGroup;
			children = (
				CB8D8033277128C600383B89 /* CurveEditorView.swift */,
				CB8D803B27713DD600383B89 /* Shapes.swift */,
				CB8D803D277141D000383B89 /* GridView.swift */,
				CB8D803F277148E500383B89 /* AnimationView.swift */,
				CB72A24327723EC80029F8E9 /* ContentView.swift */,
				CB72A2452772434F0029F8E9 /* SettingsView.swift */,
				CB72A2472772467E0029F8E9 /* DropdownView.swift */,
				CB72A249277256D40029F8E9 /* InputView.swift */,
			);
			path = Views;
			sourceTree = "<group>";
		};
		CB8D803A27712CDE00383B89 /* Helpers */ = {
			isa = PBXGroup;
			children = (
				CB8D803827712CD200383B89 /* Colors.swift */,
			);
			path = Helpers;
			sourceTree = "<group>";
		};
/* End PBXGroup section */

/* Begin PBXNativeTarget section */
		CB8D8020277127D500383B89 /* Curve Visualiser */ = {
			isa = PBXNativeTarget;
			buildConfigurationList = CB8D8030277127D700383B89 /* Build configuration list for PBXNativeTarget "Curve Visualiser" */;
			buildPhases = (
				CB8D801D277127D500383B89 /* Sources */,
				CB8D801E277127D500383B89 /* Frameworks */,
				CB8D801F277127D500383B89 /* Resources */,
			);
			buildRules = (
			);
			dependencies = (
			);
			name = "Curve Visualiser";
			productName = "Curve Visualiser";
			productReference = CB8D8021277127D500383B89 /* Curve Visualiser.app */;
			productType = "com.apple.product-type.application";
		};
/* End PBXNativeTarget section */

/* Begin PBXProject section */
		CB8D8019277127D500383B89 /* Project object */ = {
			isa = PBXProject;
			attributes = {
				BuildIndependentTargetsInParallel = 1;
				LastSwiftUpdateCheck = 1310;
				LastUpgradeCheck = 1310;
				TargetAttributes = {
					CB8D8020277127D500383B89 = {
						CreatedOnToolsVersion = 13.1;
					};
				};
			};
			buildConfigurationList = CB8D801C277127D500383B89 /* Build configuration list for PBXProject "Curve Visualiser" */;
			compatibilityVersion = "Xcode 13.0";
			developmentRegion = en;
			hasScannedForEncodings = 0;
			knownRegions = (
				en,
				Base,
			);
			mainGroup = CB8D8018277127D500383B89;
			productRefGroup = CB8D8022277127D500383B89 /* Products */;
			projectDirPath = "";
			projectRoot = "";
			targets = (
				CB8D8020277127D500383B89 /* Curve Visualiser */,
			);
		};
/* End PBXProject section */

/* Begin PBXResourcesBuildPhase section */
		CB8D801F277127D500383B89 /* Resources */ = {
			isa = PBXResourcesBuildPhase;
			buildActionMask = 2147483647;
			files = (
				CB8D802C277127D700383B89 /* Preview Assets.xcassets in Resources */,
				CB8D8029277127D700383B89 /* Assets.xcassets in Resources */,
			);
			runOnlyForDeploymentPostprocessing = 0;
		};
/* End PBXResourcesBuildPhase section */

/* Begin PBXSourcesBuildPhase section */
		CB8D801D277127D500383B89 /* Sources */ = {
			isa = PBXSourcesBuildPhase;
			buildActionMask = 2147483647;
			files = (
				CB8D8034277128C600383B89 /* CurveEditorView.swift in Sources */,
				CB8D803927712CD200383B89 /* Colors.swift in Sources */,
				CB72A24427723EC80029F8E9 /* ContentView.swift in Sources */,
				CB72A2462772434F0029F8E9 /* SettingsView.swift in Sources */,
				CB8D803C27713DD600383B89 /* Shapes.swift in Sources */,
				CB72A2482772467E0029F8E9 /* DropdownView.swift in Sources */,
				CB8D8025277127D500383B89 /* Curve_VisualiserApp.swift in Sources */,
				CB8D8040277148E500383B89 /* AnimationView.swift in Sources */,
				CB72A24A277256D40029F8E9 /* InputView.swift in Sources */,
				CB8D8036277128ED00383B89 /* GeometryExtensions.swift in Sources */,
				CB8D803E277141D000383B89 /* GridView.swift in Sources */,
			);
			runOnlyForDeploymentPostprocessing = 0;
		};
/* End PBXSourcesBuildPhase section */

/* Begin XCBuildConfiguration section */
		CB8D802E277127D700383B89 /* Debug */ = {
			isa = XCBuildConfiguration;
			buildSettings = {
				ALWAYS_SEARCH_USER_PATHS = NO;
				CLANG_ANALYZER_NONNULL = YES;
				CLANG_ANALYZER_NUMBER_OBJECT_CONVERSION = YES_AGGRESSIVE;
				CLANG_CXX_LANGUAGE_STANDARD = "gnu++17";
				CLANG_CXX_LIBRARY = "libc++";
				CLANG_ENABLE_MODULES = YES;
				CLANG_ENABLE_OBJC_ARC = YES;
				CLANG_ENABLE_OBJC_WEAK = YES;
				CLANG_WARN_BLOCK_CAPTURE_AUTORELEASING = YES;
				CLANG_WARN_BOOL_CONVERSION = YES;
				CLANG_WARN_COMMA = YES;
				CLANG_WARN_CONSTANT_CONVERSION = YES;
				CLANG_WARN_DEPRECATED_OBJC_IMPLEMENTATIONS = YES;
				CLANG_WARN_DIRECT_OBJC_ISA_USAGE = YES_ERROR;
				CLANG_WARN_DOCUMENTATION_COMMENTS = YES;
				CLANG_WARN_EMPTY_BODY = YES;
				CLANG_WARN_ENUM_CONVERSION = YES;
				CLANG_WARN_INFINITE_RECURSION = YES;
				CLANG_WARN_INT_CONVERSION = YES;
				CLANG_WARN_NON_LITERAL_NULL_CONVERSION = YES;
				CLANG_WARN_OBJC_IMPLICIT_RETAIN_SELF = YES;
				CLANG_WARN_OBJC_LITERAL_CONVERSION = YES;
				CLANG_WARN_OBJC_ROOT_CLASS = YES_ERROR;
				CLANG_WARN_QUOTED_INCLUDE_IN_FRAMEWORK_HEADER = YES;
				CLANG_WARN_RANGE_LOOP_ANALYSIS = YES;
				CLANG_WARN_STRICT_PROTOTYPES = YES;
				CLANG_WARN_SUSPICIOUS_MOVE = YES;
				CLANG_WARN_UNGUARDED_AVAILABILITY = YES_AGGRESSIVE;
				CLANG_WARN_UNREACHABLE_CODE = YES;
				CLANG_WARN__DUPLICATE_METHOD_MATCH = YES;
				COPY_PHASE_STRIP = NO;
				DEBUG_INFORMATION_FORMAT = dwarf;
				ENABLE_STRICT_OBJC_MSGSEND = YES;
				ENABLE_TESTABILITY = YES;
				GCC_C_LANGUAGE_STANDARD = gnu11;
				GCC_DYNAMIC_NO_PIC = NO;
				GCC_NO_COMMON_BLOCKS = YES;
				GCC_OPTIMIZATION_LEVEL = 0;
				GCC_PREPROCESSOR_DEFINITIONS = (
					"DEBUG=1",
					"$(inherited)",
				);
				GCC_WARN_64_TO_32_BIT_CONVERSION = YES;
				GCC_WARN_ABOUT_RETURN_TYPE = YES_ERROR;
				GCC_WARN_UNDECLARED_SELECTOR = YES;
				GCC_WARN_UNINITIALIZED_AUTOS = YES_AGGRESSIVE;
				GCC_WARN_UNUSED_FUNCTION = YES;
				GCC_WARN_UNUSED_VARIABLE = YES;
				MACOSX_DEPLOYMENT_TARGET = 11.6;
				MTL_ENABLE_DEBUG_INFO = INCLUDE_SOURCE;
				MTL_FAST_MATH = YES;
				ONLY_ACTIVE_ARCH = YES;
				SDKROOT = macosx;
				SWIFT_ACTIVE_COMPILATION_CONDITIONS = DEBUG;
				SWIFT_OPTIMIZATION_LEVEL = "-Onone";
			};
			name = Debug;
		};
		CB8D802F277127D700383B89 /* Release */ = {
			isa = XCBuildConfiguration;
			buildSettings = {
				ALWAYS_SEARCH_USER_PATHS = NO;
				CLANG_ANALYZER_NONNULL = YES;
				CLANG_ANALYZER_NUMBER_OBJECT_CONVERSION = YES_AGGRESSIVE;
				CLANG_CXX_LANGUAGE_STANDARD = "gnu++17";
				CLANG_CXX_LIBRARY = "libc++";
				CLANG_ENABLE_MODULES = YES;
				CLANG_ENABLE_OBJC_ARC = YES;
				CLANG_ENABLE_OBJC_WEAK = YES;
				CLANG_WARN_BLOCK_CAPTURE_AUTORELEASING = YES;
				CLANG_WARN_BOOL_CONVERSION = YES;
				CLANG_WARN_COMMA = YES;
				CLANG_WARN_CONSTANT_CONVERSION = YES;
				CLANG_WARN_DEPRECATED_OBJC_IMPLEMENTATIONS = YES;
				CLANG_WARN_DIRECT_OBJC_ISA_USAGE = YES_ERROR;
				CLANG_WARN_DOCUMENTATION_COMMENTS = YES;
				CLANG_WARN_EMPTY_BODY = YES;
				CLANG_WARN_ENUM_CONVERSION = YES;
				CLANG_WARN_INFINITE_RECURSION = YES;
				CLANG_WARN_INT_CONVERSION = YES;
				CLANG_WARN_NON_LITERAL_NULL_CONVERSION = YES;
				CLANG_WARN_OBJC_IMPLICIT_RETAIN_SELF = YES;
				CLANG_WARN_OBJC_LITERAL_CONVERSION = YES;
				CLANG_WARN_OBJC_ROOT_CLASS = YES_ERROR;
				CLANG_WARN_QUOTED_INCLUDE_IN_FRAMEWORK_HEADER = YES;
				CLANG_WARN_RANGE_LOOP_ANALYSIS = YES;
				CLANG_WARN_STRICT_PROTOTYPES = YES;
				CLANG_WARN_SUSPICIOUS_MOVE = YES;
				CLANG_WARN_UNGUARDED_AVAILABILITY = YES_AGGRESSIVE;
				CLANG_WARN_UNREACHABLE_CODE = YES;
				CLANG_WARN__DUPLICATE_METHOD_MATCH = YES;
				COPY_PHASE_STRIP = NO;
				DEBUG_INFORMATION_FORMAT = "dwarf-with-dsym";
				ENABLE_NS_ASSERTIONS = NO;
				ENABLE_STRICT_OBJC_MSGSEND = YES;
				GCC_C_LANGUAGE_STANDARD = gnu11;
				GCC_NO_COMMON_BLOCKS = YES;
				GCC_WARN_64_TO_32_BIT_CONVERSION = YES;
				GCC_WARN_ABOUT_RETURN_TYPE = YES_ERROR;
				GCC_WARN_UNDECLARED_SELECTOR = YES;
				GCC_WARN_UNINITIALIZED_AUTOS = YES_AGGRESSIVE;
				GCC_WARN_UNUSED_FUNCTION = YES;
				GCC_WARN_UNUSED_VARIABLE = YES;
				MACOSX_DEPLOYMENT_TARGET = 11.6;
				MTL_ENABLE_DEBUG_INFO = NO;
				MTL_FAST_MATH = YES;
				SDKROOT = macosx;
				SWIFT_COMPILATION_MODE = wholemodule;
				SWIFT_OPTIMIZATION_LEVEL = "-O";
			};
			name = Release;
		};
		CB8D8031277127D700383B89 /* Debug */ = {
			isa = XCBuildConfiguration;
			buildSettings = {
				ASSETCATALOG_COMPILER_APPICON_NAME = AppIcon;
				ASSETCATALOG_COMPILER_GLOBAL_ACCENT_COLOR_NAME = AccentColor;
				CODE_SIGN_ENTITLEMENTS = "Curve Visualiser/Curve_Visualiser.entitlements";
				CODE_SIGN_STYLE = Automatic;
				COMBINE_HIDPI_IMAGES = YES;
				CURRENT_PROJECT_VERSION = 1;
				DEVELOPMENT_ASSET_PATHS = "\"Curve Visualiser/Preview Content\"";
				DEVELOPMENT_TEAM = 8GBYS572XW;
				ENABLE_HARDENED_RUNTIME = YES;
				ENABLE_PREVIEWS = YES;
				GENERATE_INFOPLIST_FILE = YES;
				INFOPLIST_KEY_NSHumanReadableCopyright = "";
				LD_RUNPATH_SEARCH_PATHS = (
					"$(inherited)",
					"@executable_path/../Frameworks",
				);
				MARKETING_VERSION = 1.0;
				PRODUCT_BUNDLE_IDENTIFIER = "com.nilshoenson.Curve-Visualiser";
				PRODUCT_NAME = "$(TARGET_NAME)";
				SWIFT_EMIT_LOC_STRINGS = YES;
				SWIFT_VERSION = 5.0;
			};
			name = Debug;
		};
		CB8D8032277127D700383B89 /* Release */ = {
			isa = XCBuildConfiguration;
			buildSettings = {
				ASSETCATALOG_COMPILER_APPICON_NAME = AppIcon;
				ASSETCATALOG_COMPILER_GLOBAL_ACCENT_COLOR_NAME = AccentColor;
				CODE_SIGN_ENTITLEMENTS = "Curve Visualiser/Curve_Visualiser.entitlements";
				CODE_SIGN_STYLE = Automatic;
				COMBINE_HIDPI_IMAGES = YES;
				CURRENT_PROJECT_VERSION = 1;
				DEVELOPMENT_ASSET_PATHS = "\"Curve Visualiser/Preview Content\"";
				DEVELOPMENT_TEAM = 8GBYS572XW;
				ENABLE_HARDENED_RUNTIME = YES;
				ENABLE_PREVIEWS = YES;
				GENERATE_INFOPLIST_FILE = YES;
				INFOPLIST_KEY_NSHumanReadableCopyright = "";
				LD_RUNPATH_SEARCH_PATHS = (
					"$(inherited)",
					"@executable_path/../Frameworks",
				);
				MARKETING_VERSION = 1.0;
				PRODUCT_BUNDLE_IDENTIFIER = "com.nilshoenson.Curve-Visualiser";
				PRODUCT_NAME = "$(TARGET_NAME)";
				SWIFT_EMIT_LOC_STRINGS = YES;
				SWIFT_VERSION = 5.0;
			};
			name = Release;
		};
/* End XCBuildConfiguration section */

/* Begin XCConfigurationList section */
		CB8D801C277127D500383B89 /* Build configuration list for PBXProject "Curve Visualiser" */ = {
			isa = XCConfigurationList;
			buildConfigurations = (
				CB8D802E277127D700383B89 /* Debug */,
				CB8D802F277127D700383B89 /* Release */,
			);
			defaultConfigurationIsVisible = 0;
			defaultConfigurationName = Release;
		};
		CB8D8030277127D700383B89 /* Build configuration list for PBXNativeTarget "Curve Visualiser" */ = {
			isa = XCConfigurationList;
			buildConfigurations = (
				CB8D8031277127D700383B89 /* Debug */,
				CB8D8032277127D700383B89 /* Release */,
			);
			defaultConfigurationIsVisible = 0;
			defaultConfigurationName = Release;
		};
/* End XCConfigurationList section */
	};
	rootObject = CB8D8019277127D500383B89 /* Project object */;
}
